// !$*UTF8*$!
{
	archiveVersion = 1;
	classes = {
	};
	objectVersion = 56;
	objects = {

/* Begin PBXBuildFile section */
		EC02CA8F2C2D1FC700899E80 /* LoginWithPassKeyAndFaceIdApp.swift in Sources */ = {isa = PBXBuildFile; fileRef = EC02CA8E2C2D1FC700899E80 /* LoginWithPassKeyAndFaceIdApp.swift */; };
		EC02CA912C2D1FC700899E80 /* ContentView.swift in Sources */ = {isa = PBXBuildFile; fileRef = EC02CA902C2D1FC700899E80 /* ContentView.swift */; };
		EC02CA932C2D1FCA00899E80 /* Assets.xcassets in Resources */ = {isa = PBXBuildFile; fileRef = EC02CA922C2D1FCA00899E80 /* Assets.xcassets */; };
		EC02CA962C2D1FCA00899E80 /* Preview Assets.xcassets in Resources */ = {isa = PBXBuildFile; fileRef = EC02CA952C2D1FCA00899E80 /* Preview Assets.xcassets */; };
		EC02CA9D2C2D1FE500899E80 /* Log.swift in Sources */ = {isa = PBXBuildFile; fileRef = EC02CA9C2C2D1FE500899E80 /* Log.swift */; };
/* End PBXBuildFile section */

/* Begin PBXFileReference section */
		EC02CA8B2C2D1FC700899E80 /* LoginWithPassKeyAndFaceId.app */ = {isa = PBXFileReference; explicitFileType = wrapper.application; includeInIndex = 0; path = LoginWithPassKeyAndFaceId.app; sourceTree = BUILT_PRODUCTS_DIR; };
		EC02CA8E2C2D1FC700899E80 /* LoginWithPassKeyAndFaceIdApp.swift */ = {isa = PBXFileReference; lastKnownFileType = sourcecode.swift; path = LoginWithPassKeyAndFaceIdApp.swift; sourceTree = "<group>"; };
		EC02CA902C2D1FC700899E80 /* ContentView.swift */ = {isa = PBXFileReference; lastKnownFileType = sourcecode.swift; path = ContentView.swift; sourceTree = "<group>"; };
		EC02CA922C2D1FCA00899E80 /* Assets.xcassets */ = {isa = PBXFileReference; lastKnownFileType = folder.assetcatalog; path = Assets.xcassets; sourceTree = "<group>"; };
		EC02CA952C2D1FCA00899E80 /* Preview Assets.xcassets */ = {isa = PBXFileReference; lastKnownFileType = folder.assetcatalog; path = "Preview Assets.xcassets"; sourceTree = "<group>"; };
		EC02CA9C2C2D1FE500899E80 /* Log.swift */ = {isa = PBXFileReference; fileEncoding = 4; lastKnownFileType = sourcecode.swift; path = Log.swift; sourceTree = "<group>"; };
		EC02CA9E2C2D225100899E80 /* LoginWithPassKeyAndFaceId.entitlements */ = {isa = PBXFileReference; lastKnownFileType = text.plist.entitlements; path = LoginWithPassKeyAndFaceId.entitlements; sourceTree = "<group>"; };
		EC02CA9F2C2D28D800899E80 /* Info.plist */ = {isa = PBXFileReference; lastKnownFileType = text.plist; path = Info.plist; sourceTree = "<group>"; };
/* End PBXFileReference section */

/* Begin PBXFrameworksBuildPhase section */
		EC02CA882C2D1FC700899E80 /* Frameworks */ = {
			isa = PBXFrameworksBuildPhase;
			buildActionMask = 2147483647;
			files = (
			);
			runOnlyForDeploymentPostprocessing = 0;
		};
/* End PBXFrameworksBuildPhase section */

/* Begin PBXGroup section */
		EC02CA822C2D1FC700899E80 = {
			isa = PBXGroup;
			children = (
				EC02CA8D2C2D1FC700899E80 /* LoginWithPassKeyAndFaceId */,
				EC02CA8C2C2D1FC700899E80 /* Products */,
			);
			sourceTree = "<group>";
		};
		EC02CA8C2C2D1FC700899E80 /* Products */ = {
			isa = PBXGroup;
			children = (
				EC02CA8B2C2D1FC700899E80 /* LoginWithPassKeyAndFaceId.app */,
			);
			name = Products;
			sourceTree = "<group>";
		};
		EC02CA8D2C2D1FC700899E80 /* LoginWithPassKeyAndFaceId */ = {
			isa = PBXGroup;
			children = (
				EC02CA9F2C2D28D800899E80 /* Info.plist */,
				EC02CA9E2C2D225100899E80 /* LoginWithPassKeyAndFaceId.entitlements */,
				EC02CA9C2C2D1FE500899E80 /* Log.swift */,
				EC02CA8E2C2D1FC700899E80 /* LoginWithPassKeyAndFaceIdApp.swift */,
				EC02CA902C2D1FC700899E80 /* ContentView.swift */,
				EC02CA922C2D1FCA00899E80 /* Assets.xcassets */,
				EC02CA942C2D1FCA00899E80 /* Preview Content */,
			);
			path = LoginWithPassKeyAndFaceId;
			sourceTree = "<group>";
		};
		EC02CA942C2D1FCA00899E80 /* Preview Content */ = {
			isa = PBXGroup;
			children = (
				EC02CA952C2D1FCA00899E80 /* Preview Assets.xcassets */,
			);
			path = "Preview Content";
			sourceTree = "<group>";
		};
/* End PBXGroup section */

/* Begin PBXNativeTarget section */
		EC02CA8A2C2D1FC700899E80 /* LoginWithPassKeyAndFaceId */ = {
			isa = PBXNativeTarget;
			buildConfigurationList = EC02CA992C2D1FCA00899E80 /* Build configuration list for PBXNativeTarget "LoginWithPassKeyAndFaceId" */;
			buildPhases = (
				EC02CA872C2D1FC700899E80 /* Sources */,
				EC02CA882C2D1FC700899E80 /* Frameworks */,
				EC02CA892C2D1FC700899E80 /* Resources */,
			);
			buildRules = (
			);
			dependencies = (
			);
			name = LoginWithPassKeyAndFaceId;
			productName = LoginWithPassKeyAndFaceId;
			productReference = EC02CA8B2C2D1FC700899E80 /* LoginWithPassKeyAndFaceId.app */;
			productType = "com.apple.product-type.application";
		};
/* End PBXNativeTarget section */

/* Begin PBXProject section */
		EC02CA832C2D1FC700899E80 /* Project object */ = {
			isa = PBXProject;
			attributes = {
				BuildIndependentTargetsInParallel = 1;
				LastSwiftUpdateCheck = 1540;
				LastUpgradeCheck = 1540;
				TargetAttributes = {
					EC02CA8A2C2D1FC700899E80 = {
						CreatedOnToolsVersion = 15.4;
					};
				};
			};
			buildConfigurationList = EC02CA862C2D1FC700899E80 /* Build configuration list for PBXProject "LoginWithPassKeyAndFaceId" */;
			compatibilityVersion = "Xcode 14.0";
			developmentRegion = en;
			hasScannedForEncodings = 0;
			knownRegions = (
				en,
				Base,
			);
			mainGroup = EC02CA822C2D1FC700899E80;
			productRefGroup = EC02CA8C2C2D1FC700899E80 /* Products */;
			projectDirPath = "";
			projectRoot = "";
			targets = (
				EC02CA8A2C2D1FC700899E80 /* LoginWithPassKeyAndFaceId */,
			);
		};
/* End PBXProject section */

/* Begin PBXResourcesBuildPhase section */
		EC02CA892C2D1FC700899E80 /* Resources */ = {
			isa = PBXResourcesBuildPhase;
			buildActionMask = 2147483647;
			files = (
				EC02CA962C2D1FCA00899E80 /* Preview Assets.xcassets in Resources */,
				EC02CA932C2D1FCA00899E80 /* Assets.xcassets in Resources */,
			);
			runOnlyForDeploymentPostprocessing = 0;
		};
/* End PBXResourcesBuildPhase section */

/* Begin PBXSourcesBuildPhase section */
		EC02CA872C2D1FC700899E80 /* Sources */ = {
			isa = PBXSourcesBuildPhase;
			buildActionMask = 2147483647;
			files = (
				EC02CA912C2D1FC700899E80 /* ContentView.swift in Sources */,
				EC02CA8F2C2D1FC700899E80 /* LoginWithPassKeyAndFaceIdApp.swift in Sources */,
				EC02CA9D2C2D1FE500899E80 /* Log.swift in Sources */,
			);
			runOnlyForDeploymentPostprocessing = 0;
		};
/* End PBXSourcesBuildPhase section */

/* Begin XCBuildConfiguration section */
		EC02CA972C2D1FCA00899E80 /* Debug */ = {
			isa = XCBuildConfiguration;
			buildSettings = {
				ALWAYS_SEARCH_USER_PATHS = NO;
				ASSETCATALOG_COMPILER_GENERATE_SWIFT_ASSET_SYMBOL_EXTENSIONS = YES;
				CLANG_ANALYZER_NONNULL = YES;
				CLANG_ANALYZER_NUMBER_OBJECT_CONVERSION = YES_AGGRESSIVE;
				CLANG_CXX_LANGUAGE_STANDARD = "gnu++20";
				CLANG_ENABLE_MODULES = YES;
				CLANG_ENABLE_OBJC_ARC = YES;
				CLANG_ENABLE_OBJC_WEAK = YES;
				CLANG_WARN_BLOCK_CAPTURE_AUTORELEASING = YES;
				CLANG_WARN_BOOL_CONVERSION = YES;
				CLANG_WARN_COMMA = YES;
				CLANG_WARN_CONSTANT_CONVERSION = YES;
				CLANG_WARN_DEPRECATED_OBJC_IMPLEMENTATIONS = YES;
				CLANG_WARN_DIRECT_OBJC_ISA_USAGE = YES_ERROR;
				CLANG_WARN_DOCUMENTATION_COMMENTS = YES;
				CLANG_WARN_EMPTY_BODY = YES;
				CLANG_WARN_ENUM_CONVERSION = YES;
				CLANG_WARN_INFINITE_RECURSION = YES;
				CLANG_WARN_INT_CONVERSION = YES;
				CLANG_WARN_NON_LITERAL_NULL_CONVERSION = YES;
				CLANG_WARN_OBJC_IMPLICIT_RETAIN_SELF = YES;
				CLANG_WARN_OBJC_LITERAL_CONVERSION = YES;
				CLANG_WARN_OBJC_ROOT_CLASS = YES_ERROR;
				CLANG_WARN_QUOTED_INCLUDE_IN_FRAMEWORK_HEADER = YES;
				CLANG_WARN_RANGE_LOOP_ANALYSIS = YES;
				CLANG_WARN_STRICT_PROTOTYPES = YES;
				CLANG_WARN_SUSPICIOUS_MOVE = YES;
				CLANG_WARN_UNGUARDED_AVAILABILITY = YES_AGGRESSIVE;
				CLANG_WARN_UNREACHABLE_CODE = YES;
				CLANG_WARN__DUPLICATE_METHOD_MATCH = YES;
				COPY_PHASE_STRIP = NO;
				DEBUG_INFORMATION_FORMAT = dwarf;
				ENABLE_STRICT_OBJC_MSGSEND = YES;
				ENABLE_TESTABILITY = YES;
				ENABLE_USER_SCRIPT_SANDBOXING = YES;
				GCC_C_LANGUAGE_STANDARD = gnu17;
				GCC_DYNAMIC_NO_PIC = NO;
				GCC_NO_COMMON_BLOCKS = YES;
				GCC_OPTIMIZATION_LEVEL = 0;
				GCC_PREPROCESSOR_DEFINITIONS = (
					"DEBUG=1",
					"$(inherited)",
				);
				GCC_WARN_64_TO_32_BIT_CONVERSION = YES;
				GCC_WARN_ABOUT_RETURN_TYPE = YES_ERROR;
				GCC_WARN_UNDECLARED_SELECTOR = YES;
				GCC_WARN_UNINITIALIZED_AUTOS = YES_AGGRESSIVE;
				GCC_WARN_UNUSED_FUNCTION = YES;
				GCC_WARN_UNUSED_VARIABLE = YES;
				IPHONEOS_DEPLOYMENT_TARGET = 17.5;
				LOCALIZATION_PREFERS_STRING_CATALOGS = YES;
				MTL_ENABLE_DEBUG_INFO = INCLUDE_SOURCE;
				MTL_FAST_MATH = YES;
				ONLY_ACTIVE_ARCH = YES;
				SDKROOT = iphoneos;
				SWIFT_ACTIVE_COMPILATION_CONDITIONS = "DEBUG $(inherited)";
				SWIFT_OPTIMIZATION_LEVEL = "-Onone";
			};
			name = Debug;
		};
		EC02CA982C2D1FCA00899E80 /* Release */ = {
			isa = XCBuildConfiguration;
			buildSettings = {
				ALWAYS_SEARCH_USER_PATHS = NO;
				ASSETCATALOG_COMPILER_GENERATE_SWIFT_ASSET_SYMBOL_EXTENSIONS = YES;
				CLANG_ANALYZER_NONNULL = YES;
				CLANG_ANALYZER_NUMBER_OBJECT_CONVERSION = YES_AGGRESSIVE;
				CLANG_CXX_LANGUAGE_STANDARD = "gnu++20";
				CLANG_ENABLE_MODULES = YES;
				CLANG_ENABLE_OBJC_ARC = YES;
				CLANG_ENABLE_OBJC_WEAK = YES;
				CLANG_WARN_BLOCK_CAPTURE_AUTORELEASING = YES;
				CLANG_WARN_BOOL_CONVERSION = YES;
				CLANG_WARN_COMMA = YES;
				CLANG_WARN_CONSTANT_CONVERSION = YES;
				CLANG_WARN_DEPRECATED_OBJC_IMPLEMENTATIONS = YES;
				CLANG_WARN_DIRECT_OBJC_ISA_USAGE = YES_ERROR;
				CLANG_WARN_DOCUMENTATION_COMMENTS = YES;
				CLANG_WARN_EMPTY_BODY = YES;
				CLANG_WARN_ENUM_CONVERSION = YES;
				CLANG_WARN_INFINITE_RECURSION = YES;
				CLANG_WARN_INT_CONVERSION = YES;
				CLANG_WARN_NON_LITERAL_NULL_CONVERSION = YES;
				CLANG_WARN_OBJC_IMPLICIT_RETAIN_SELF = YES;
				CLANG_WARN_OBJC_LITERAL_CONVERSION = YES;
				CLANG_WARN_OBJC_ROOT_CLASS = YES_ERROR;
				CLANG_WARN_QUOTED_INCLUDE_IN_FRAMEWORK_HEADER = YES;
				CLANG_WARN_RANGE_LOOP_ANALYSIS = YES;
				CLANG_WARN_STRICT_PROTOTYPES = YES;
				CLANG_WARN_SUSPICIOUS_MOVE = YES;
				CLANG_WARN_UNGUARDED_AVAILABILITY = YES_AGGRESSIVE;
				CLANG_WARN_UNREACHABLE_CODE = YES;
				CLANG_WARN__DUPLICATE_METHOD_MATCH = YES;
				COPY_PHASE_STRIP = NO;
				DEBUG_INFORMATION_FORMAT = "dwarf-with-dsym";
				ENABLE_NS_ASSERTIONS = NO;
				ENABLE_STRICT_OBJC_MSGSEND = YES;
				ENABLE_USER_SCRIPT_SANDBOXING = YES;
				GCC_C_LANGUAGE_STANDARD = gnu17;
				GCC_NO_COMMON_BLOCKS = YES;
				GCC_WARN_64_TO_32_BIT_CONVERSION = YES;
				GCC_WARN_ABOUT_RETURN_TYPE = YES_ERROR;
				GCC_WARN_UNDECLARED_SELECTOR = YES;
				GCC_WARN_UNINITIALIZED_AUTOS = YES_AGGRESSIVE;
				GCC_WARN_UNUSED_FUNCTION = YES;
				GCC_WARN_UNUSED_VARIABLE = YES;
				IPHONEOS_DEPLOYMENT_TARGET = 17.5;
				LOCALIZATION_PREFERS_STRING_CATALOGS = YES;
				MTL_ENABLE_DEBUG_INFO = NO;
				MTL_FAST_MATH = YES;
				SDKROOT = iphoneos;
				SWIFT_COMPILATION_MODE = wholemodule;
				VALIDATE_PRODUCT = YES;
			};
			name = Release;
		};
		EC02CA9A2C2D1FCA00899E80 /* Debug */ = {
			isa = XCBuildConfiguration;
			buildSettings = {
				ASSETCATALOG_COMPILER_APPICON_NAME = AppIcon;
				ASSETCATALOG_COMPILER_GLOBAL_ACCENT_COLOR_NAME = AccentColor;
				CODE_SIGN_ENTITLEMENTS = LoginWithPassKeyAndFaceId/LoginWithPassKeyAndFaceId.entitlements;
				CODE_SIGN_STYLE = Automatic;
				CURRENT_PROJECT_VERSION = 1;
				DEVELOPMENT_ASSET_PATHS = "\"LoginWithPassKeyAndFaceId/Preview Content\"";
				DEVELOPMENT_TEAM = WD3LPJ2STX;
				ENABLE_PREVIEWS = YES;
				GENERATE_INFOPLIST_FILE = YES;
				INFOPLIST_FILE = LoginWithPassKeyAndFaceId/Info.plist;
				INFOPLIST_KEY_NSFaceIDUsageDescription = "Face ID ^^";
				INFOPLIST_KEY_UIApplicationSceneManifest_Generation = YES;
				INFOPLIST_KEY_UIApplicationSupportsIndirectInputEvents = YES;
				INFOPLIST_KEY_UILaunchScreen_Generation = YES;
				INFOPLIST_KEY_UISupportedInterfaceOrientations_iPad = "UIInterfaceOrientationPortrait UIInterfaceOrientationPortraitUpsideDown UIInterfaceOrientationLandscapeLeft UIInterfaceOrientationLandscapeRight";
				INFOPLIST_KEY_UISupportedInterfaceOrientations_iPhone = "UIInterfaceOrientationPortrait UIInterfaceOrientationLandscapeLeft UIInterfaceOrientationLandscapeRight";
				IPHONEOS_DEPLOYMENT_TARGET = 16.0;
				LD_RUNPATH_SEARCH_PATHS = (
					"$(inherited)",
					"@executable_path/Frameworks",
				);
				MARKETING_VERSION = 1.0;
				PRODUCT_BUNDLE_IDENTIFIER = g.LoginWithPassKeyAndFaceId;
				PRODUCT_NAME = "$(TARGET_NAME)";
				SWIFT_EMIT_LOC_STRINGS = YES;
				SWIFT_VERSION = 5.0;
				TARGETED_DEVICE_FAMILY = "1,2";
			};
			name = Debug;
		};
		EC02CA9B2C2D1FCA00899E80 /* Release */ = {
			isa = XCBuildConfiguration;
			buildSettings = {
				ASSETCATALOG_COMPILER_APPICON_NAME = AppIcon;
				ASSETCATALOG_COMPILER_GLOBAL_ACCENT_COLOR_NAME = AccentColor;
				CODE_SIGN_ENTITLEMENTS = LoginWithPassKeyAndFaceId/LoginWithPassKeyAndFaceId.entitlements;
				CODE_SIGN_STYLE = Automatic;
				CURRENT_PROJECT_VERSION = 1;
				DEVELOPMENT_ASSET_PATHS = "\"LoginWithPassKeyAndFaceId/Preview Content\"";
				DEVELOPMENT_TEAM = WD3LPJ2STX;
				ENABLE_PREVIEWS = YES;
				GENERATE_INFOPLIST_FILE = YES;
				INFOPLIST_FILE = LoginWithPassKeyAndFaceId/Info.plist;
				INFOPLIST_KEY_NSFaceIDUsageDescription = "Face ID ^^";
				INFOPLIST_KEY_UIApplicationSceneManifest_Generation = YES;
				INFOPLIST_KEY_UIApplicationSupportsIndirectInputEvents = YES;
				INFOPLIST_KEY_UILaunchScreen_Generation = YES;
				INFOPLIST_KEY_UISupportedInterfaceOrientations_iPad = "UIInterfaceOrientationPortrait UIInterfaceOrientationPortraitUpsideDown UIInterfaceOrientationLandscapeLeft UIInterfaceOrientationLandscapeRight";
				INFOPLIST_KEY_UISupportedInterfaceOrientations_iPhone = "UIInterfaceOrientationPortrait UIInterfaceOrientationLandscapeLeft UIInterfaceOrientationLandscapeRight";
				IPHONEOS_DEPLOYMENT_TARGET = 16.0;
				LD_RUNPATH_SEARCH_PATHS = (
					"$(inherited)",
					"@executable_path/Frameworks",
				);
				MARKETING_VERSION = 1.0;
				PRODUCT_BUNDLE_IDENTIFIER = g.LoginWithPassKeyAndFaceId;
				PRODUCT_NAME = "$(TARGET_NAME)";
				SWIFT_EMIT_LOC_STRINGS = YES;
				SWIFT_VERSION = 5.0;
				TARGETED_DEVICE_FAMILY = "1,2";
			};
			name = Release;
		};
/* End XCBuildConfiguration section */

/* Begin XCConfigurationList section */
		EC02CA862C2D1FC700899E80 /* Build configuration list for PBXProject "LoginWithPassKeyAndFaceId" */ = {
			isa = XCConfigurationList;
			buildConfigurations = (
				EC02CA972C2D1FCA00899E80 /* Debug */,
				EC02CA982C2D1FCA00899E80 /* Release */,
			);
			defaultConfigurationIsVisible = 0;
			defaultConfigurationName = Release;
		};
		EC02CA992C2D1FCA00899E80 /* Build configuration list for PBXNativeTarget "LoginWithPassKeyAndFaceId" */ = {
			isa = XCConfigurationList;
			buildConfigurations = (
				EC02CA9A2C2D1FCA00899E80 /* Debug */,
				EC02CA9B2C2D1FCA00899E80 /* Release */,
			);
			defaultConfigurationIsVisible = 0;
			defaultConfigurationName = Release;
		};
/* End XCConfigurationList section */
	};
	rootObject = EC02CA832C2D1FC700899E80 /* Project object */;
}
